
Microsoft Visual Studio Solution File, Format Version 11.00
# Visual Studio 2010
Project("{FAE04EC0-301F-11D3-BF4B-00C04F79EFBC}") = "Hercules", "Hercules\Hercules.csproj", "{C1B6A689-E95D-4276-B890-C83719444FE1}"
EndProject
Project("{2150E333-8FDC-42A3-9474-1A3956D46DE8}") = "Documentation", "Documentation", "{83F0EEA3-B0ED-453E-9DB5-5FFEECBEA541}"
	ProjectSection(SolutionItems) = preProject
		layout.txt = layout.txt
		notes.txt = notes.txt
		questions.txt = questions.txt
		skins.txt = skins.txt
	EndProjectSection
EndProject
Project("{2150E333-8FDC-42A3-9474-1A3956D46DE8}") = "Supporting Files", "Supporting Files", "{3F13067E-A2CD-455A-87C2-5B8B779C462A}"
EndProject
Project("{2150E333-8FDC-42A3-9474-1A3956D46DE8}") = "Fonts", "Fonts", "{ADB88DE5-AA3F-4575-AFB8-3C374184727B}"
EndProject
Project("{2150E333-8FDC-42A3-9474-1A3956D46DE8}") = "Drivers", "Drivers", "{D1A09A1D-F15A-46FD-BFC5-A0E028BBCF79}"
EndProject
Project("{2150E333-8FDC-42A3-9474-1A3956D46DE8}") = "DPB-1500", "DPB-1500", "{596CB02D-9CD3-489E-AF53-99FC64666550}"
	ProjectSection(SolutionItems) = preProject
		..\..\..\..\Desktop\Hercules\DPB1500 Driver\copal1500.dll = ..\..\..\..\Desktop\Hercules\DPB1500 Driver\copal1500.dll
		..\..\..\..\Desktop\Hercules\DPB1500 Driver\DPB1500.DLL = ..\..\..\..\Desktop\Hercules\DPB1500 Driver\DPB1500.DLL
		..\..\..\..\Desktop\Hercules\DPB1500 Driver\Dpb1500.gpd = ..\..\..\..\Desktop\Hercules\DPB1500 Driver\Dpb1500.gpd
		..\..\..\..\Desktop\Hercules\DPB1500 Driver\Dpb1500.inf = ..\..\..\..\Desktop\Hercules\DPB1500 Driver\Dpb1500.inf
		..\..\..\..\Desktop\Hercules\DPB1500 Driver\Dpb1500.ini = ..\..\..\..\Desktop\Hercules\DPB1500 Driver\Dpb1500.ini
		..\..\..\..\Desktop\Hercules\DPB1500 Driver\Dpb1500lm.dll = ..\..\..\..\Desktop\Hercules\DPB1500 Driver\Dpb1500lm.dll
		..\..\..\..\Desktop\Hercules\DPB1500 Driver\Dpb1500ud.dll = ..\..\..\..\Desktop\Hercules\DPB1500 Driver\Dpb1500ud.dll
		..\..\..\..\Desktop\Hercules\DPB1500 Driver\Dpb1500ui.dll = ..\..\..\..\Desktop\Hercules\DPB1500 Driver\Dpb1500ui.dll
		..\..\..\..\Desktop\Hercules\DPB1500 Driver\DPBPrint.dll = ..\..\..\..\Desktop\Hercules\DPB1500 Driver\DPBPrint.dll
		..\..\..\..\Desktop\Hercules\DPB1500 Driver\ERRMSG_E.ini = ..\..\..\..\Desktop\Hercules\DPB1500 Driver\ERRMSG_E.ini
	EndProjectSection
EndProject
Project("{FAE04EC0-301F-11D3-BF4B-00C04F79EFBC}") = "CanonSDK", "CanonSDK\CanonSDK.csproj", "{B8D10081-6185-4EEC-802F-6F39372587C1}"
EndProject
Project("{FAE04EC0-301F-11D3-BF4B-00C04F79EFBC}") = "WpfSandbox", "WpfSandbox\WpfSandbox.csproj", "{2FFEC910-0827-4BEB-8F26-65C396173AB8}"
EndProject
Project("{FAE04EC0-301F-11D3-BF4B-00C04F79EFBC}") = "WpfCamTest", "WpfCamTest\WpfCamTest.csproj", "{C6671FCA-EEEA-47F3-84EB-5248B2C4EE45}"
EndProject
Project("{FAE04EC0-301F-11D3-BF4B-00C04F79EFBC}") = "WPFCSharpWebCam", "WPFCSharpWebCam\WPFCSharpWebCam.csproj", "{4A6C6F94-80FA-470A-A6B8-580AE8EE1531}"
EndProject
Project("{FAE04EC0-301F-11D3-BF4B-00C04F79EFBC}") = "WpfCap", "WpfCap\WpfCap.csproj", "{EC9C087F-4972-4374-8BC5-0DAB5BABF547}"
EndProject
Project("{FAE04EC0-301F-11D3-BF4B-00C04F79EFBC}") = "FormCallingWPF", "FormCallingWPF\FormCallingWPF.csproj", "{313351BA-3164-4040-B90B-ACC46A68170B}"
EndProject
Project("{FAE04EC0-301F-11D3-BF4B-00C04F79EFBC}") = "HerculesWPFBlank", "HerculesWPFBlank\HerculesWPFBlank.csproj", "{EBB69B0E-FCA6-4810-8C7D-3C2B06372DCE}"
EndProject
Project("{FAE04EC0-301F-11D3-BF4B-00C04F79EFBC}") = "HerculesWPFMain", "HerculesWPFMain\HerculesWPFMain.csproj", "{BA40155F-F9B6-422A-9DC2-1B911C244AA7}"
EndProject
Project("{FAE04EC0-301F-11D3-BF4B-00C04F79EFBC}") = "HerculesWPFMenu", "HerculesWPFMenu\HerculesWPFMenu.csproj", "{1D438B20-3E32-44A5-A070-4BD7673E28E1}"
EndProject
Project("{FAE04EC0-301F-11D3-BF4B-00C04F79EFBC}") = "HerculesWPFChoose", "HerculesWPFChoose\HerculesWPFChoose.csproj", "{4DD6FE24-13EE-4153-9CBE-12E4AFD635CE}"
EndProject
Project("{FAE04EC0-301F-11D3-BF4B-00C04F79EFBC}") = "HerculesWPFImageButton", "HerculesWPFImageButton\HerculesWPFImageButton.csproj", "{C68F8565-8471-4495-BA02-62B8A6BCA4CC}"
EndProject
Project("{FAE04EC0-301F-11D3-BF4B-00C04F79EFBC}") = "HerculesWPFImageButtonLow", "HerculesWPFImageButtonLow\HerculesWPFImageButtonLow.csproj", "{0A9A4394-D120-48D3-9318-EEAA9B3163E0}"
EndProject
Project("{FAE04EC0-301F-11D3-BF4B-00C04F79EFBC}") = "HerculesWPFMaster", "HerculesWPFMaster\HerculesWPFMaster.csproj", "{CDBA5E40-7178-47B5-B090-9F55124A61DB}"
EndProject
Project("{FAE04EC0-301F-11D3-BF4B-00C04F79EFBC}") = "WPFCallingForm", "WPFCallingForm\WPFCallingForm.csproj", "{9A14AFBB-32A2-4BE9-9502-8B4599EEA6C6}"
EndProject
Project("{FAE04EC0-301F-11D3-BF4B-00C04F79EFBC}") = "HerculesForms", "HerculesForms\HerculesForms.csproj", "{3F42835C-0B25-4767-89BD-F0A328E2B342}"
EndProject
Project("{FAE04EC0-301F-11D3-BF4B-00C04F79EFBC}") = "HerculesWPFWeb", "HerculesWPFWeb\HerculesWPFWeb.csproj", "{46EBD922-A658-4B01-8B08-84B9C8ABE6EE}"
EndProject
Project("{FAE04EC0-301F-11D3-BF4B-00C04F79EFBC}") = "WpfApplication2", "WpfApplication2\WpfApplication2.csproj", "{1A5CB919-66C7-4BD6-AD4A-18B005062348}"
EndProject
Project("{FAE04EC0-301F-11D3-BF4B-00C04F79EFBC}") = "WpfCustomDraw", "WpfCustomDraw\WpfCustomDraw.csproj", "{4E21D956-FBB5-4352-A05B-2E5915C39E84}"
EndProject
Project("{FAE04EC0-301F-11D3-BF4B-00C04F79EFBC}") = "WindowsFormsCustomDraw", "WindowsFormsCustomDraw\WindowsFormsCustomDraw.csproj", "{DB67F9D2-605A-435F-8F4C-1DA64252337B}"
EndProject
Project("{FAE04EC0-301F-11D3-BF4B-00C04F79EFBC}") = "TranspControl", "TranspControl\TranspControl.csproj", "{99556521-01B9-453D-8A4D-B5DD7CEABD0D}"
EndProject
Project("{FAE04EC0-301F-11D3-BF4B-00C04F79EFBC}") = "CanonCamTest", "CanonCamTest\CanonCamTest.csproj", "{CAD41437-6456-41AC-A2AB-0F601AC316D7}"
EndProject
Project("{FAE04EC0-301F-11D3-BF4B-00C04F79EFBC}") = "FSCheckin", "FSCheckin\FSCheckin.csproj", "{16E38E11-8EA6-43F2-8EAF-05F3443F619F}"
EndProject
Project("{FAE04EC0-301F-11D3-BF4B-00C04F79EFBC}") = "HerculesWPFMemoryGame", "HerculesWPFMemoryGame\HerculesWPFMemoryGame.csproj", "{CCCBF0C8-5897-49F0-9FB3-FF0D26407175}"
EndProject
Project("{FAE04EC0-301F-11D3-BF4B-00C04F79EFBC}") = "HerculesWPFDraw", "HerculesWPFDraw\HerculesWPFDraw.csproj", "{876D0340-C2C8-4F35-B369-D5A4BE74D404}"
EndProject
Project("{FAE04EC0-301F-11D3-BF4B-00C04F79EFBC}") = "HerculesWPFGameMenu", "HerculesWPFGameMenu\HerculesWPFGameMenu.csproj", "{80A16FE9-322B-476F-9F3B-948C2B1C4384}"
EndProject
Project("{FAE04EC0-301F-11D3-BF4B-00C04F79EFBC}") = "HerculesWPFTicTacToe", "HerculesWPFTicTacToe\HerculesWPFTicTacToe.csproj", "{7BEF5DEE-56D8-433E-9A59-F0F5357230DF}"
EndProject
Project("{FAE04EC0-301F-11D3-BF4B-00C04F79EFBC}") = "WpfTestUserControls", "WpfTestUserControls\WpfTestUserControls.csproj", "{1E682DC5-7099-4383-BF55-B32DF73AE46A}"
EndProject
Project("{FAE04EC0-301F-11D3-BF4B-00C04F79EFBC}") = "HerculesConfig", "HerculesConfig\HerculesConfig.csproj", "{9B7E97E5-F7AC-47C4-8147-B1B19BBC76E9}"
EndProject
Project("{FAE04EC0-301F-11D3-BF4B-00C04F79EFBC}") = "HerculesCommon", "HerculesCommon\HerculesCommon.csproj", "{AB1FB280-727C-4D8E-A4F7-FC0821BB10E7}"
EndProject
Project("{FAE04EC0-301F-11D3-BF4B-00C04F79EFBC}") = "SendKeyTest", "SendKeyTest\SendKeyTest.csproj", "{899640F8-713C-4C30-BD46-386957F98108}"
EndProject
Project("{FAE04EC0-301F-11D3-BF4B-00C04F79EFBC}") = "TestDisplayProgram", "TestDisplayProgram\TestDisplayProgram.csproj", "{261AE025-55ED-44CA-8D8C-9853D101981F}"
EndProject
Project("{FAE04EC0-301F-11D3-BF4B-00C04F79EFBC}") = "TestPlatformInvoke", "TestPlatformInvoke\TestPlatformInvoke.csproj", "{BFCC4242-D04B-4E6E-B4F2-8D762EE82B7B}"
EndProject
Project("{FAE04EC0-301F-11D3-BF4B-00C04F79EFBC}") = "HerculesWPFGallery", "HerculesWPFGallery\HerculesWPFGallery.csproj", "{187D4723-2BC8-4AFD-8A76-0AE4B9C7ECA9}"
EndProject
Project("{FAE04EC0-301F-11D3-BF4B-00C04F79EFBC}") = "HerculesWFPAngryBirds", "HerculesWFPAngryBirds\HerculesWFPAngryBirds.csproj", "{01E1D21F-29D7-4E92-AAA0-8A0E8784FF99}"
EndProject
Global
	GlobalSection(SolutionConfigurationPlatforms) = preSolution
		Debug|Any CPU = Debug|Any CPU
		Debug|Mixed Platforms = Debug|Mixed Platforms
		Debug|x86 = Debug|x86
		Release|Any CPU = Release|Any CPU
		Release|Mixed Platforms = Release|Mixed Platforms
		Release|x86 = Release|x86
	EndGlobalSection
	GlobalSection(ProjectConfigurationPlatforms) = postSolution
		{C1B6A689-E95D-4276-B890-C83719444FE1}.Debug|Any CPU.ActiveCfg = Debug|x86
		{C1B6A689-E95D-4276-B890-C83719444FE1}.Debug|Mixed Platforms.ActiveCfg = Debug|x86
		{C1B6A689-E95D-4276-B890-C83719444FE1}.Debug|Mixed Platforms.Build.0 = Debug|x86
		{C1B6A689-E95D-4276-B890-C83719444FE1}.Debug|x86.ActiveCfg = Debug|x86
		{C1B6A689-E95D-4276-B890-C83719444FE1}.Debug|x86.Build.0 = Debug|x86
		{C1B6A689-E95D-4276-B890-C83719444FE1}.Release|Any CPU.ActiveCfg = Release|x86
		{C1B6A689-E95D-4276-B890-C83719444FE1}.Release|Mixed Platforms.ActiveCfg = Release|x86
		{C1B6A689-E95D-4276-B890-C83719444FE1}.Release|Mixed Platforms.Build.0 = Release|x86
		{C1B6A689-E95D-4276-B890-C83719444FE1}.Release|x86.ActiveCfg = Release|x86
		{C1B6A689-E95D-4276-B890-C83719444FE1}.Release|x86.Build.0 = Release|x86
		{B8D10081-6185-4EEC-802F-6F39372587C1}.Debug|Any CPU.ActiveCfg = Debug|Any CPU
		{B8D10081-6185-4EEC-802F-6F39372587C1}.Debug|Any CPU.Build.0 = Debug|Any CPU
		{B8D10081-6185-4EEC-802F-6F39372587C1}.Debug|Mixed Platforms.ActiveCfg = Debug|Any CPU
		{B8D10081-6185-4EEC-802F-6F39372587C1}.Debug|Mixed Platforms.Build.0 = Debug|Any CPU
		{B8D10081-6185-4EEC-802F-6F39372587C1}.Debug|x86.ActiveCfg = Debug|Any CPU
		{B8D10081-6185-4EEC-802F-6F39372587C1}.Release|Any CPU.ActiveCfg = Release|Any CPU
		{B8D10081-6185-4EEC-802F-6F39372587C1}.Release|Any CPU.Build.0 = Release|Any CPU
		{B8D10081-6185-4EEC-802F-6F39372587C1}.Release|Mixed Platforms.ActiveCfg = Release|Any CPU
		{B8D10081-6185-4EEC-802F-6F39372587C1}.Release|Mixed Platforms.Build.0 = Release|Any CPU
		{B8D10081-6185-4EEC-802F-6F39372587C1}.Release|x86.ActiveCfg = Release|Any CPU
		{2FFEC910-0827-4BEB-8F26-65C396173AB8}.Debug|Any CPU.ActiveCfg = Debug|x86
		{2FFEC910-0827-4BEB-8F26-65C396173AB8}.Debug|Mixed Platforms.ActiveCfg = Debug|x86
		{2FFEC910-0827-4BEB-8F26-65C396173AB8}.Debug|Mixed Platforms.Build.0 = Debug|x86
		{2FFEC910-0827-4BEB-8F26-65C396173AB8}.Debug|x86.ActiveCfg = Debug|x86
		{2FFEC910-0827-4BEB-8F26-65C396173AB8}.Debug|x86.Build.0 = Debug|x86
		{2FFEC910-0827-4BEB-8F26-65C396173AB8}.Release|Any CPU.ActiveCfg = Release|x86
		{2FFEC910-0827-4BEB-8F26-65C396173AB8}.Release|Mixed Platforms.ActiveCfg = Release|x86
		{2FFEC910-0827-4BEB-8F26-65C396173AB8}.Release|Mixed Platforms.Build.0 = Release|x86
		{2FFEC910-0827-4BEB-8F26-65C396173AB8}.Release|x86.ActiveCfg = Release|x86
		{2FFEC910-0827-4BEB-8F26-65C396173AB8}.Release|x86.Build.0 = Release|x86
		{C6671FCA-EEEA-47F3-84EB-5248B2C4EE45}.Debug|Any CPU.ActiveCfg = Debug|x86
		{C6671FCA-EEEA-47F3-84EB-5248B2C4EE45}.Debug|Mixed Platforms.ActiveCfg = Debug|x86
		{C6671FCA-EEEA-47F3-84EB-5248B2C4EE45}.Debug|Mixed Platforms.Build.0 = Debug|x86
		{C6671FCA-EEEA-47F3-84EB-5248B2C4EE45}.Debug|x86.ActiveCfg = Debug|x86
		{C6671FCA-EEEA-47F3-84EB-5248B2C4EE45}.Debug|x86.Build.0 = Debug|x86
		{C6671FCA-EEEA-47F3-84EB-5248B2C4EE45}.Release|Any CPU.ActiveCfg = Release|x86
		{C6671FCA-EEEA-47F3-84EB-5248B2C4EE45}.Release|Mixed Platforms.ActiveCfg = Release|x86
		{C6671FCA-EEEA-47F3-84EB-5248B2C4EE45}.Release|Mixed Platforms.Build.0 = Release|x86
		{C6671FCA-EEEA-47F3-84EB-5248B2C4EE45}.Release|x86.ActiveCfg = Release|x86
		{C6671FCA-EEEA-47F3-84EB-5248B2C4EE45}.Release|x86.Build.0 = Release|x86
		{4A6C6F94-80FA-470A-A6B8-580AE8EE1531}.Debug|Any CPU.ActiveCfg = Debug|Any CPU
		{4A6C6F94-80FA-470A-A6B8-580AE8EE1531}.Debug|Any CPU.Build.0 = Debug|Any CPU
		{4A6C6F94-80FA-470A-A6B8-580AE8EE1531}.Debug|Mixed Platforms.ActiveCfg = Debug|Any CPU
		{4A6C6F94-80FA-470A-A6B8-580AE8EE1531}.Debug|Mixed Platforms.Build.0 = Debug|Any CPU
		{4A6C6F94-80FA-470A-A6B8-580AE8EE1531}.Debug|x86.ActiveCfg = Debug|Any CPU
		{4A6C6F94-80FA-470A-A6B8-580AE8EE1531}.Release|Any CPU.ActiveCfg = Release|Any CPU
		{4A6C6F94-80FA-470A-A6B8-580AE8EE1531}.Release|Any CPU.Build.0 = Release|Any CPU
		{4A6C6F94-80FA-470A-A6B8-580AE8EE1531}.Release|Mixed Platforms.ActiveCfg = Release|Any CPU
		{4A6C6F94-80FA-470A-A6B8-580AE8EE1531}.Release|Mixed Platforms.Build.0 = Release|Any CPU
		{4A6C6F94-80FA-470A-A6B8-580AE8EE1531}.Release|x86.ActiveCfg = Release|Any CPU
		{EC9C087F-4972-4374-8BC5-0DAB5BABF547}.Debug|Any CPU.ActiveCfg = Debug|Any CPU
		{EC9C087F-4972-4374-8BC5-0DAB5BABF547}.Debug|Any CPU.Build.0 = Debug|Any CPU
		{EC9C087F-4972-4374-8BC5-0DAB5BABF547}.Debug|Mixed Platforms.ActiveCfg = Debug|Any CPU
		{EC9C087F-4972-4374-8BC5-0DAB5BABF547}.Debug|Mixed Platforms.Build.0 = Debug|Any CPU
		{EC9C087F-4972-4374-8BC5-0DAB5BABF547}.Debug|x86.ActiveCfg = Debug|Any CPU
		{EC9C087F-4972-4374-8BC5-0DAB5BABF547}.Release|Any CPU.ActiveCfg = Release|Any CPU
		{EC9C087F-4972-4374-8BC5-0DAB5BABF547}.Release|Any CPU.Build.0 = Release|Any CPU
		{EC9C087F-4972-4374-8BC5-0DAB5BABF547}.Release|Mixed Platforms.ActiveCfg = Release|Any CPU
		{EC9C087F-4972-4374-8BC5-0DAB5BABF547}.Release|Mixed Platforms.Build.0 = Release|Any CPU
		{EC9C087F-4972-4374-8BC5-0DAB5BABF547}.Release|x86.ActiveCfg = Release|Any CPU
		{313351BA-3164-4040-B90B-ACC46A68170B}.Debug|Any CPU.ActiveCfg = Debug|x86
		{313351BA-3164-4040-B90B-ACC46A68170B}.Debug|Mixed Platforms.ActiveCfg = Debug|x86
		{313351BA-3164-4040-B90B-ACC46A68170B}.Debug|Mixed Platforms.Build.0 = Debug|x86
		{313351BA-3164-4040-B90B-ACC46A68170B}.Debug|x86.ActiveCfg = Debug|x86
		{313351BA-3164-4040-B90B-ACC46A68170B}.Debug|x86.Build.0 = Debug|x86
		{313351BA-3164-4040-B90B-ACC46A68170B}.Release|Any CPU.ActiveCfg = Release|x86
		{313351BA-3164-4040-B90B-ACC46A68170B}.Release|Mixed Platforms.ActiveCfg = Release|x86
		{313351BA-3164-4040-B90B-ACC46A68170B}.Release|Mixed Platforms.Build.0 = Release|x86
		{313351BA-3164-4040-B90B-ACC46A68170B}.Release|x86.ActiveCfg = Release|x86
		{313351BA-3164-4040-B90B-ACC46A68170B}.Release|x86.Build.0 = Release|x86
		{EBB69B0E-FCA6-4810-8C7D-3C2B06372DCE}.Debug|Any CPU.ActiveCfg = Debug|Any CPU
		{EBB69B0E-FCA6-4810-8C7D-3C2B06372DCE}.Debug|Any CPU.Build.0 = Debug|Any CPU
		{EBB69B0E-FCA6-4810-8C7D-3C2B06372DCE}.Debug|Mixed Platforms.ActiveCfg = Debug|Any CPU
		{EBB69B0E-FCA6-4810-8C7D-3C2B06372DCE}.Debug|Mixed Platforms.Build.0 = Debug|Any CPU
		{EBB69B0E-FCA6-4810-8C7D-3C2B06372DCE}.Debug|x86.ActiveCfg = Debug|Any CPU
		{EBB69B0E-FCA6-4810-8C7D-3C2B06372DCE}.Release|Any CPU.ActiveCfg = Release|Any CPU
		{EBB69B0E-FCA6-4810-8C7D-3C2B06372DCE}.Release|Any CPU.Build.0 = Release|Any CPU
		{EBB69B0E-FCA6-4810-8C7D-3C2B06372DCE}.Release|Mixed Platforms.ActiveCfg = Release|Any CPU
		{EBB69B0E-FCA6-4810-8C7D-3C2B06372DCE}.Release|Mixed Platforms.Build.0 = Release|Any CPU
		{EBB69B0E-FCA6-4810-8C7D-3C2B06372DCE}.Release|x86.ActiveCfg = Release|Any CPU
		{BA40155F-F9B6-422A-9DC2-1B911C244AA7}.Debug|Any CPU.ActiveCfg = Debug|Any CPU
		{BA40155F-F9B6-422A-9DC2-1B911C244AA7}.Debug|Any CPU.Build.0 = Debug|Any CPU
		{BA40155F-F9B6-422A-9DC2-1B911C244AA7}.Debug|Mixed Platforms.ActiveCfg = Debug|Any CPU
		{BA40155F-F9B6-422A-9DC2-1B911C244AA7}.Debug|Mixed Platforms.Build.0 = Debug|Any CPU
		{BA40155F-F9B6-422A-9DC2-1B911C244AA7}.Debug|x86.ActiveCfg = Debug|Any CPU
		{BA40155F-F9B6-422A-9DC2-1B911C244AA7}.Release|Any CPU.ActiveCfg = Release|Any CPU
		{BA40155F-F9B6-422A-9DC2-1B911C244AA7}.Release|Any CPU.Build.0 = Release|Any CPU
		{BA40155F-F9B6-422A-9DC2-1B911C244AA7}.Release|Mixed Platforms.ActiveCfg = Release|Any CPU
		{BA40155F-F9B6-422A-9DC2-1B911C244AA7}.Release|Mixed Platforms.Build.0 = Release|Any CPU
		{BA40155F-F9B6-422A-9DC2-1B911C244AA7}.Release|x86.ActiveCfg = Release|Any CPU
		{1D438B20-3E32-44A5-A070-4BD7673E28E1}.Debug|Any CPU.ActiveCfg = Debug|Any CPU
		{1D438B20-3E32-44A5-A070-4BD7673E28E1}.Debug|Any CPU.Build.0 = Debug|Any CPU
		{1D438B20-3E32-44A5-A070-4BD7673E28E1}.Debug|Mixed Platforms.ActiveCfg = Debug|Any CPU
		{1D438B20-3E32-44A5-A070-4BD7673E28E1}.Debug|Mixed Platforms.Build.0 = Debug|Any CPU
		{1D438B20-3E32-44A5-A070-4BD7673E28E1}.Debug|x86.ActiveCfg = Debug|Any CPU
		{1D438B20-3E32-44A5-A070-4BD7673E28E1}.Release|Any CPU.ActiveCfg = Release|Any CPU
		{1D438B20-3E32-44A5-A070-4BD7673E28E1}.Release|Any CPU.Build.0 = Release|Any CPU
		{1D438B20-3E32-44A5-A070-4BD7673E28E1}.Release|Mixed Platforms.ActiveCfg = Release|Any CPU
		{1D438B20-3E32-44A5-A070-4BD7673E28E1}.Release|Mixed Platforms.Build.0 = Release|Any CPU
		{1D438B20-3E32-44A5-A070-4BD7673E28E1}.Release|x86.ActiveCfg = Release|Any CPU
		{4DD6FE24-13EE-4153-9CBE-12E4AFD635CE}.Debug|Any CPU.ActiveCfg = Debug|Any CPU
		{4DD6FE24-13EE-4153-9CBE-12E4AFD635CE}.Debug|Any CPU.Build.0 = Debug|Any CPU
		{4DD6FE24-13EE-4153-9CBE-12E4AFD635CE}.Debug|Mixed Platforms.ActiveCfg = Debug|Any CPU
		{4DD6FE24-13EE-4153-9CBE-12E4AFD635CE}.Debug|Mixed Platforms.Build.0 = Debug|Any CPU
		{4DD6FE24-13EE-4153-9CBE-12E4AFD635CE}.Debug|x86.ActiveCfg = Debug|Any CPU
		{4DD6FE24-13EE-4153-9CBE-12E4AFD635CE}.Release|Any CPU.ActiveCfg = Release|Any CPU
		{4DD6FE24-13EE-4153-9CBE-12E4AFD635CE}.Release|Any CPU.Build.0 = Release|Any CPU
		{4DD6FE24-13EE-4153-9CBE-12E4AFD635CE}.Release|Mixed Platforms.ActiveCfg = Release|Any CPU
		{4DD6FE24-13EE-4153-9CBE-12E4AFD635CE}.Release|Mixed Platforms.Build.0 = Release|Any CPU
		{4DD6FE24-13EE-4153-9CBE-12E4AFD635CE}.Release|x86.ActiveCfg = Release|Any CPU
		{C68F8565-8471-4495-BA02-62B8A6BCA4CC}.Debug|Any CPU.ActiveCfg = Debug|Any CPU
		{C68F8565-8471-4495-BA02-62B8A6BCA4CC}.Debug|Any CPU.Build.0 = Debug|Any CPU
		{C68F8565-8471-4495-BA02-62B8A6BCA4CC}.Debug|Mixed Platforms.ActiveCfg = Debug|Any CPU
		{C68F8565-8471-4495-BA02-62B8A6BCA4CC}.Debug|Mixed Platforms.Build.0 = Debug|Any CPU
		{C68F8565-8471-4495-BA02-62B8A6BCA4CC}.Debug|x86.ActiveCfg = Debug|Any CPU
		{C68F8565-8471-4495-BA02-62B8A6BCA4CC}.Release|Any CPU.ActiveCfg = Release|Any CPU
		{C68F8565-8471-4495-BA02-62B8A6BCA4CC}.Release|Any CPU.Build.0 = Release|Any CPU
		{C68F8565-8471-4495-BA02-62B8A6BCA4CC}.Release|Mixed Platforms.ActiveCfg = Release|Any CPU
		{C68F8565-8471-4495-BA02-62B8A6BCA4CC}.Release|Mixed Platforms.Build.0 = Release|Any CPU
		{C68F8565-8471-4495-BA02-62B8A6BCA4CC}.Release|x86.ActiveCfg = Release|Any CPU
		{0A9A4394-D120-48D3-9318-EEAA9B3163E0}.Debug|Any CPU.ActiveCfg = Debug|Any CPU
		{0A9A4394-D120-48D3-9318-EEAA9B3163E0}.Debug|Any CPU.Build.0 = Debug|Any CPU
		{0A9A4394-D120-48D3-9318-EEAA9B3163E0}.Debug|Mixed Platforms.ActiveCfg = Debug|Any CPU
		{0A9A4394-D120-48D3-9318-EEAA9B3163E0}.Debug|Mixed Platforms.Build.0 = Debug|Any CPU
		{0A9A4394-D120-48D3-9318-EEAA9B3163E0}.Debug|x86.ActiveCfg = Debug|Any CPU
		{0A9A4394-D120-48D3-9318-EEAA9B3163E0}.Release|Any CPU.ActiveCfg = Release|Any CPU
		{0A9A4394-D120-48D3-9318-EEAA9B3163E0}.Release|Any CPU.Build.0 = Release|Any CPU
		{0A9A4394-D120-48D3-9318-EEAA9B3163E0}.Release|Mixed Platforms.ActiveCfg = Release|Any CPU
		{0A9A4394-D120-48D3-9318-EEAA9B3163E0}.Release|Mixed Platforms.Build.0 = Release|Any CPU
		{0A9A4394-D120-48D3-9318-EEAA9B3163E0}.Release|x86.ActiveCfg = Release|Any CPU
		{CDBA5E40-7178-47B5-B090-9F55124A61DB}.Debug|Any CPU.ActiveCfg = Debug|Any CPU
		{CDBA5E40-7178-47B5-B090-9F55124A61DB}.Debug|Any CPU.Build.0 = Debug|Any CPU
		{CDBA5E40-7178-47B5-B090-9F55124A61DB}.Debug|Mixed Platforms.ActiveCfg = Debug|Any CPU
		{CDBA5E40-7178-47B5-B090-9F55124A61DB}.Debug|Mixed Platforms.Build.0 = Debug|Any CPU
		{CDBA5E40-7178-47B5-B090-9F55124A61DB}.Debug|x86.ActiveCfg = Debug|Any CPU
		{CDBA5E40-7178-47B5-B090-9F55124A61DB}.Release|Any CPU.ActiveCfg = Release|Any CPU
		{CDBA5E40-7178-47B5-B090-9F55124A61DB}.Release|Any CPU.Build.0 = Release|Any CPU
		{CDBA5E40-7178-47B5-B090-9F55124A61DB}.Release|Mixed Platforms.ActiveCfg = Release|Any CPU
		{CDBA5E40-7178-47B5-B090-9F55124A61DB}.Release|Mixed Platforms.Build.0 = Release|Any CPU
		{CDBA5E40-7178-47B5-B090-9F55124A61DB}.Release|x86.ActiveCfg = Release|Any CPU
		{9A14AFBB-32A2-4BE9-9502-8B4599EEA6C6}.Debug|Any CPU.ActiveCfg = Debug|x86
		{9A14AFBB-32A2-4BE9-9502-8B4599EEA6C6}.Debug|Mixed Platforms.ActiveCfg = Debug|x86
		{9A14AFBB-32A2-4BE9-9502-8B4599EEA6C6}.Debug|Mixed Platforms.Build.0 = Debug|x86
		{9A14AFBB-32A2-4BE9-9502-8B4599EEA6C6}.Debug|x86.ActiveCfg = Debug|x86
		{9A14AFBB-32A2-4BE9-9502-8B4599EEA6C6}.Debug|x86.Build.0 = Debug|x86
		{9A14AFBB-32A2-4BE9-9502-8B4599EEA6C6}.Release|Any CPU.ActiveCfg = Release|x86
		{9A14AFBB-32A2-4BE9-9502-8B4599EEA6C6}.Release|Mixed Platforms.ActiveCfg = Release|x86
		{9A14AFBB-32A2-4BE9-9502-8B4599EEA6C6}.Release|Mixed Platforms.Build.0 = Release|x86
		{9A14AFBB-32A2-4BE9-9502-8B4599EEA6C6}.Release|x86.ActiveCfg = Release|x86
		{9A14AFBB-32A2-4BE9-9502-8B4599EEA6C6}.Release|x86.Build.0 = Release|x86
		{3F42835C-0B25-4767-89BD-F0A328E2B342}.Debug|Any CPU.ActiveCfg = Debug|Any CPU
		{3F42835C-0B25-4767-89BD-F0A328E2B342}.Debug|Any CPU.Build.0 = Debug|Any CPU
		{3F42835C-0B25-4767-89BD-F0A328E2B342}.Debug|Mixed Platforms.ActiveCfg = Debug|Any CPU
		{3F42835C-0B25-4767-89BD-F0A328E2B342}.Debug|Mixed Platforms.Build.0 = Debug|Any CPU
		{3F42835C-0B25-4767-89BD-F0A328E2B342}.Debug|x86.ActiveCfg = Debug|Any CPU
		{3F42835C-0B25-4767-89BD-F0A328E2B342}.Release|Any CPU.ActiveCfg = Release|Any CPU
		{3F42835C-0B25-4767-89BD-F0A328E2B342}.Release|Any CPU.Build.0 = Release|Any CPU
		{3F42835C-0B25-4767-89BD-F0A328E2B342}.Release|Mixed Platforms.ActiveCfg = Release|Any CPU
		{3F42835C-0B25-4767-89BD-F0A328E2B342}.Release|Mixed Platforms.Build.0 = Release|Any CPU
		{3F42835C-0B25-4767-89BD-F0A328E2B342}.Release|x86.ActiveCfg = Release|Any CPU
		{46EBD922-A658-4B01-8B08-84B9C8ABE6EE}.Debug|Any CPU.ActiveCfg = Debug|Any CPU
		{46EBD922-A658-4B01-8B08-84B9C8ABE6EE}.Debug|Any CPU.Build.0 = Debug|Any CPU
		{46EBD922-A658-4B01-8B08-84B9C8ABE6EE}.Debug|Mixed Platforms.ActiveCfg = Debug|Any CPU
		{46EBD922-A658-4B01-8B08-84B9C8ABE6EE}.Debug|Mixed Platforms.Build.0 = Debug|Any CPU
		{46EBD922-A658-4B01-8B08-84B9C8ABE6EE}.Debug|x86.ActiveCfg = Debug|Any CPU
		{46EBD922-A658-4B01-8B08-84B9C8ABE6EE}.Release|Any CPU.ActiveCfg = Release|Any CPU
		{46EBD922-A658-4B01-8B08-84B9C8ABE6EE}.Release|Any CPU.Build.0 = Release|Any CPU
		{46EBD922-A658-4B01-8B08-84B9C8ABE6EE}.Release|Mixed Platforms.ActiveCfg = Release|Any CPU
		{46EBD922-A658-4B01-8B08-84B9C8ABE6EE}.Release|Mixed Platforms.Build.0 = Release|Any CPU
		{46EBD922-A658-4B01-8B08-84B9C8ABE6EE}.Release|x86.ActiveCfg = Release|Any CPU
		{1A5CB919-66C7-4BD6-AD4A-18B005062348}.Debug|Any CPU.ActiveCfg = Debug|x86
		{1A5CB919-66C7-4BD6-AD4A-18B005062348}.Debug|Mixed Platforms.ActiveCfg = Debug|x86
		{1A5CB919-66C7-4BD6-AD4A-18B005062348}.Debug|Mixed Platforms.Build.0 = Debug|x86
		{1A5CB919-66C7-4BD6-AD4A-18B005062348}.Debug|x86.ActiveCfg = Debug|x86
		{1A5CB919-66C7-4BD6-AD4A-18B005062348}.Debug|x86.Build.0 = Debug|x86
		{1A5CB919-66C7-4BD6-AD4A-18B005062348}.Release|Any CPU.ActiveCfg = Release|x86
		{1A5CB919-66C7-4BD6-AD4A-18B005062348}.Release|Mixed Platforms.ActiveCfg = Release|x86
		{1A5CB919-66C7-4BD6-AD4A-18B005062348}.Release|Mixed Platforms.Build.0 = Release|x86
		{1A5CB919-66C7-4BD6-AD4A-18B005062348}.Release|x86.ActiveCfg = Release|x86
		{1A5CB919-66C7-4BD6-AD4A-18B005062348}.Release|x86.Build.0 = Release|x86
		{4E21D956-FBB5-4352-A05B-2E5915C39E84}.Debug|Any CPU.ActiveCfg = Debug|x86
		{4E21D956-FBB5-4352-A05B-2E5915C39E84}.Debug|Mixed Platforms.ActiveCfg = Debug|x86
		{4E21D956-FBB5-4352-A05B-2E5915C39E84}.Debug|Mixed Platforms.Build.0 = Debug|x86
		{4E21D956-FBB5-4352-A05B-2E5915C39E84}.Debug|x86.ActiveCfg = Debug|x86
		{4E21D956-FBB5-4352-A05B-2E5915C39E84}.Debug|x86.Build.0 = Debug|x86
		{4E21D956-FBB5-4352-A05B-2E5915C39E84}.Release|Any CPU.ActiveCfg = Release|x86
		{4E21D956-FBB5-4352-A05B-2E5915C39E84}.Release|Mixed Platforms.ActiveCfg = Release|x86
		{4E21D956-FBB5-4352-A05B-2E5915C39E84}.Release|Mixed Platforms.Build.0 = Release|x86
		{4E21D956-FBB5-4352-A05B-2E5915C39E84}.Release|x86.ActiveCfg = Release|x86
		{4E21D956-FBB5-4352-A05B-2E5915C39E84}.Release|x86.Build.0 = Release|x86
		{DB67F9D2-605A-435F-8F4C-1DA64252337B}.Debug|Any CPU.ActiveCfg = Debug|x86
		{DB67F9D2-605A-435F-8F4C-1DA64252337B}.Debug|Mixed Platforms.ActiveCfg = Debug|x86
		{DB67F9D2-605A-435F-8F4C-1DA64252337B}.Debug|Mixed Platforms.Build.0 = Debug|x86
		{DB67F9D2-605A-435F-8F4C-1DA64252337B}.Debug|x86.ActiveCfg = Debug|x86
		{DB67F9D2-605A-435F-8F4C-1DA64252337B}.Debug|x86.Build.0 = Debug|x86
		{DB67F9D2-605A-435F-8F4C-1DA64252337B}.Release|Any CPU.ActiveCfg = Release|x86
		{DB67F9D2-605A-435F-8F4C-1DA64252337B}.Release|Mixed Platforms.ActiveCfg = Release|x86
		{DB67F9D2-605A-435F-8F4C-1DA64252337B}.Release|Mixed Platforms.Build.0 = Release|x86
		{DB67F9D2-605A-435F-8F4C-1DA64252337B}.Release|x86.ActiveCfg = Release|x86
		{DB67F9D2-605A-435F-8F4C-1DA64252337B}.Release|x86.Build.0 = Release|x86
		{99556521-01B9-453D-8A4D-B5DD7CEABD0D}.Debug|Any CPU.ActiveCfg = Debug|Any CPU
		{99556521-01B9-453D-8A4D-B5DD7CEABD0D}.Debug|Any CPU.Build.0 = Debug|Any CPU
		{99556521-01B9-453D-8A4D-B5DD7CEABD0D}.Debug|Mixed Platforms.ActiveCfg = Debug|Any CPU
		{99556521-01B9-453D-8A4D-B5DD7CEABD0D}.Debug|Mixed Platforms.Build.0 = Debug|Any CPU
		{99556521-01B9-453D-8A4D-B5DD7CEABD0D}.Debug|x86.ActiveCfg = Debug|Any CPU
		{99556521-01B9-453D-8A4D-B5DD7CEABD0D}.Release|Any CPU.ActiveCfg = Release|Any CPU
		{99556521-01B9-453D-8A4D-B5DD7CEABD0D}.Release|Any CPU.Build.0 = Release|Any CPU
		{99556521-01B9-453D-8A4D-B5DD7CEABD0D}.Release|Mixed Platforms.ActiveCfg = Release|Any CPU
		{99556521-01B9-453D-8A4D-B5DD7CEABD0D}.Release|Mixed Platforms.Build.0 = Release|Any CPU
		{99556521-01B9-453D-8A4D-B5DD7CEABD0D}.Release|x86.ActiveCfg = Release|Any CPU
		{CAD41437-6456-41AC-A2AB-0F601AC316D7}.Debug|Any CPU.ActiveCfg = Debug|x86
		{CAD41437-6456-41AC-A2AB-0F601AC316D7}.Debug|Mixed Platforms.ActiveCfg = Debug|x86
		{CAD41437-6456-41AC-A2AB-0F601AC316D7}.Debug|Mixed Platforms.Build.0 = Debug|x86
		{CAD41437-6456-41AC-A2AB-0F601AC316D7}.Debug|x86.ActiveCfg = Debug|x86
		{CAD41437-6456-41AC-A2AB-0F601AC316D7}.Debug|x86.Build.0 = Debug|x86
		{CAD41437-6456-41AC-A2AB-0F601AC316D7}.Release|Any CPU.ActiveCfg = Release|x86
		{CAD41437-6456-41AC-A2AB-0F601AC316D7}.Release|Mixed Platforms.ActiveCfg = Release|x86
		{CAD41437-6456-41AC-A2AB-0F601AC316D7}.Release|Mixed Platforms.Build.0 = Release|x86
		{CAD41437-6456-41AC-A2AB-0F601AC316D7}.Release|x86.ActiveCfg = Release|x86
		{CAD41437-6456-41AC-A2AB-0F601AC316D7}.Release|x86.Build.0 = Release|x86
		{16E38E11-8EA6-43F2-8EAF-05F3443F619F}.Debug|Any CPU.ActiveCfg = Debug|x86
		{16E38E11-8EA6-43F2-8EAF-05F3443F619F}.Debug|Mixed Platforms.ActiveCfg = Debug|x86
		{16E38E11-8EA6-43F2-8EAF-05F3443F619F}.Debug|Mixed Platforms.Build.0 = Debug|x86
		{16E38E11-8EA6-43F2-8EAF-05F3443F619F}.Debug|x86.ActiveCfg = Debug|x86
		{16E38E11-8EA6-43F2-8EAF-05F3443F619F}.Debug|x86.Build.0 = Debug|x86
		{16E38E11-8EA6-43F2-8EAF-05F3443F619F}.Release|Any CPU.ActiveCfg = Release|x86
		{16E38E11-8EA6-43F2-8EAF-05F3443F619F}.Release|Mixed Platforms.ActiveCfg = Release|x86
		{16E38E11-8EA6-43F2-8EAF-05F3443F619F}.Release|Mixed Platforms.Build.0 = Release|x86
		{16E38E11-8EA6-43F2-8EAF-05F3443F619F}.Release|x86.ActiveCfg = Release|x86
		{16E38E11-8EA6-43F2-8EAF-05F3443F619F}.Release|x86.Build.0 = Release|x86
		{CCCBF0C8-5897-49F0-9FB3-FF0D26407175}.Debug|Any CPU.ActiveCfg = Debug|Any CPU
		{CCCBF0C8-5897-49F0-9FB3-FF0D26407175}.Debug|Any CPU.Build.0 = Debug|Any CPU
		{CCCBF0C8-5897-49F0-9FB3-FF0D26407175}.Debug|Mixed Platforms.ActiveCfg = Debug|Any CPU
		{CCCBF0C8-5897-49F0-9FB3-FF0D26407175}.Debug|Mixed Platforms.Build.0 = Debug|Any CPU
		{CCCBF0C8-5897-49F0-9FB3-FF0D26407175}.Debug|x86.ActiveCfg = Debug|Any CPU
		{CCCBF0C8-5897-49F0-9FB3-FF0D26407175}.Release|Any CPU.ActiveCfg = Release|Any CPU
		{CCCBF0C8-5897-49F0-9FB3-FF0D26407175}.Release|Any CPU.Build.0 = Release|Any CPU
		{CCCBF0C8-5897-49F0-9FB3-FF0D26407175}.Release|Mixed Platforms.ActiveCfg = Release|Any CPU
		{CCCBF0C8-5897-49F0-9FB3-FF0D26407175}.Release|Mixed Platforms.Build.0 = Release|Any CPU
		{CCCBF0C8-5897-49F0-9FB3-FF0D26407175}.Release|x86.ActiveCfg = Release|Any CPU
		{876D0340-C2C8-4F35-B369-D5A4BE74D404}.Debug|Any CPU.ActiveCfg = Debug|Any CPU
		{876D0340-C2C8-4F35-B369-D5A4BE74D404}.Debug|Any CPU.Build.0 = Debug|Any CPU
		{876D0340-C2C8-4F35-B369-D5A4BE74D404}.Debug|Mixed Platforms.ActiveCfg = Debug|Any CPU
		{876D0340-C2C8-4F35-B369-D5A4BE74D404}.Debug|Mixed Platforms.Build.0 = Debug|Any CPU
		{876D0340-C2C8-4F35-B369-D5A4BE74D404}.Debug|x86.ActiveCfg = Debug|Any CPU
		{876D0340-C2C8-4F35-B369-D5A4BE74D404}.Release|Any CPU.ActiveCfg = Release|Any CPU
		{876D0340-C2C8-4F35-B369-D5A4BE74D404}.Release|Any CPU.Build.0 = Release|Any CPU
		{876D0340-C2C8-4F35-B369-D5A4BE74D404}.Release|Mixed Platforms.ActiveCfg = Release|Any CPU
		{876D0340-C2C8-4F35-B369-D5A4BE74D404}.Release|Mixed Platforms.Build.0 = Release|Any CPU
		{876D0340-C2C8-4F35-B369-D5A4BE74D404}.Release|x86.ActiveCfg = Release|Any CPU
		{80A16FE9-322B-476F-9F3B-948C2B1C4384}.Debug|Any CPU.ActiveCfg = Debug|Any CPU
		{80A16FE9-322B-476F-9F3B-948C2B1C4384}.Debug|Any CPU.Build.0 = Debug|Any CPU
		{80A16FE9-322B-476F-9F3B-948C2B1C4384}.Debug|Mixed Platforms.ActiveCfg = Debug|Any CPU
		{80A16FE9-322B-476F-9F3B-948C2B1C4384}.Debug|Mixed Platforms.Build.0 = Debug|Any CPU
		{80A16FE9-322B-476F-9F3B-948C2B1C4384}.Debug|x86.ActiveCfg = Debug|Any CPU
		{80A16FE9-322B-476F-9F3B-948C2B1C4384}.Release|Any CPU.ActiveCfg = Release|Any CPU
		{80A16FE9-322B-476F-9F3B-948C2B1C4384}.Release|Any CPU.Build.0 = Release|Any CPU
		{80A16FE9-322B-476F-9F3B-948C2B1C4384}.Release|Mixed Platforms.ActiveCfg = Release|Any CPU
		{80A16FE9-322B-476F-9F3B-948C2B1C4384}.Release|Mixed Platforms.Build.0 = Release|Any CPU
		{80A16FE9-322B-476F-9F3B-948C2B1C4384}.Release|x86.ActiveCfg = Release|Any CPU
		{7BEF5DEE-56D8-433E-9A59-F0F5357230DF}.Debug|Any CPU.ActiveCfg = Debug|Any CPU
		{7BEF5DEE-56D8-433E-9A59-F0F5357230DF}.Debug|Any CPU.Build.0 = Debug|Any CPU
		{7BEF5DEE-56D8-433E-9A59-F0F5357230DF}.Debug|Mixed Platforms.ActiveCfg = Debug|Any CPU
		{7BEF5DEE-56D8-433E-9A59-F0F5357230DF}.Debug|Mixed Platforms.Build.0 = Debug|Any CPU
		{7BEF5DEE-56D8-433E-9A59-F0F5357230DF}.Debug|x86.ActiveCfg = Debug|Any CPU
		{7BEF5DEE-56D8-433E-9A59-F0F5357230DF}.Release|Any CPU.ActiveCfg = Release|Any CPU
		{7BEF5DEE-56D8-433E-9A59-F0F5357230DF}.Release|Any CPU.Build.0 = Release|Any CPU
		{7BEF5DEE-56D8-433E-9A59-F0F5357230DF}.Release|Mixed Platforms.ActiveCfg = Release|Any CPU
		{7BEF5DEE-56D8-433E-9A59-F0F5357230DF}.Release|Mixed Platforms.Build.0 = Release|Any CPU
		{7BEF5DEE-56D8-433E-9A59-F0F5357230DF}.Release|x86.ActiveCfg = Release|Any CPU
		{1E682DC5-7099-4383-BF55-B32DF73AE46A}.Debug|Any CPU.ActiveCfg = Debug|x86
		{1E682DC5-7099-4383-BF55-B32DF73AE46A}.Debug|Mixed Platforms.ActiveCfg = Debug|x86
		{1E682DC5-7099-4383-BF55-B32DF73AE46A}.Debug|Mixed Platforms.Build.0 = Debug|x86
		{1E682DC5-7099-4383-BF55-B32DF73AE46A}.Debug|x86.ActiveCfg = Debug|x86
		{1E682DC5-7099-4383-BF55-B32DF73AE46A}.Debug|x86.Build.0 = Debug|x86
		{1E682DC5-7099-4383-BF55-B32DF73AE46A}.Release|Any CPU.ActiveCfg = Release|x86
		{1E682DC5-7099-4383-BF55-B32DF73AE46A}.Release|Mixed Platforms.ActiveCfg = Release|x86
		{1E682DC5-7099-4383-BF55-B32DF73AE46A}.Release|Mixed Platforms.Build.0 = Release|x86
		{1E682DC5-7099-4383-BF55-B32DF73AE46A}.Release|x86.ActiveCfg = Release|x86
		{1E682DC5-7099-4383-BF55-B32DF73AE46A}.Release|x86.Build.0 = Release|x86
		{9B7E97E5-F7AC-47C4-8147-B1B19BBC76E9}.Debug|Any CPU.ActiveCfg = Debug|Any CPU
		{9B7E97E5-F7AC-47C4-8147-B1B19BBC76E9}.Debug|Any CPU.Build.0 = Debug|Any CPU
		{9B7E97E5-F7AC-47C4-8147-B1B19BBC76E9}.Debug|Mixed Platforms.ActiveCfg = Debug|Any CPU
		{9B7E97E5-F7AC-47C4-8147-B1B19BBC76E9}.Debug|Mixed Platforms.Build.0 = Debug|Any CPU
		{9B7E97E5-F7AC-47C4-8147-B1B19BBC76E9}.Debug|x86.ActiveCfg = Debug|Any CPU
		{9B7E97E5-F7AC-47C4-8147-B1B19BBC76E9}.Release|Any CPU.ActiveCfg = Release|Any CPU
		{9B7E97E5-F7AC-47C4-8147-B1B19BBC76E9}.Release|Any CPU.Build.0 = Release|Any CPU
		{9B7E97E5-F7AC-47C4-8147-B1B19BBC76E9}.Release|Mixed Platforms.ActiveCfg = Release|Any CPU
		{9B7E97E5-F7AC-47C4-8147-B1B19BBC76E9}.Release|Mixed Platforms.Build.0 = Release|Any CPU
		{9B7E97E5-F7AC-47C4-8147-B1B19BBC76E9}.Release|x86.ActiveCfg = Release|Any CPU
		{AB1FB280-727C-4D8E-A4F7-FC0821BB10E7}.Debug|Any CPU.ActiveCfg = Debug|Any CPU
		{AB1FB280-727C-4D8E-A4F7-FC0821BB10E7}.Debug|Any CPU.Build.0 = Debug|Any CPU
		{AB1FB280-727C-4D8E-A4F7-FC0821BB10E7}.Debug|Mixed Platforms.ActiveCfg = Debug|Any CPU
		{AB1FB280-727C-4D8E-A4F7-FC0821BB10E7}.Debug|Mixed Platforms.Build.0 = Debug|Any CPU
		{AB1FB280-727C-4D8E-A4F7-FC0821BB10E7}.Debug|x86.ActiveCfg = Debug|Any CPU
		{AB1FB280-727C-4D8E-A4F7-FC0821BB10E7}.Release|Any CPU.ActiveCfg = Release|Any CPU
		{AB1FB280-727C-4D8E-A4F7-FC0821BB10E7}.Release|Any CPU.Build.0 = Release|Any CPU
		{AB1FB280-727C-4D8E-A4F7-FC0821BB10E7}.Release|Mixed Platforms.ActiveCfg = Release|Any CPU
		{AB1FB280-727C-4D8E-A4F7-FC0821BB10E7}.Release|Mixed Platforms.Build.0 = Release|Any CPU
		{AB1FB280-727C-4D8E-A4F7-FC0821BB10E7}.Release|x86.ActiveCfg = Release|Any CPU
		{899640F8-713C-4C30-BD46-386957F98108}.Debug|Any CPU.ActiveCfg = Debug|x86
		{899640F8-713C-4C30-BD46-386957F98108}.Debug|Mixed Platforms.ActiveCfg = Debug|x86
		{899640F8-713C-4C30-BD46-386957F98108}.Debug|Mixed Platforms.Build.0 = Debug|x86
		{899640F8-713C-4C30-BD46-386957F98108}.Debug|x86.ActiveCfg = Debug|x86
		{899640F8-713C-4C30-BD46-386957F98108}.Debug|x86.Build.0 = Debug|x86
		{899640F8-713C-4C30-BD46-386957F98108}.Release|Any CPU.ActiveCfg = Release|x86
		{899640F8-713C-4C30-BD46-386957F98108}.Release|Mixed Platforms.ActiveCfg = Release|x86
		{899640F8-713C-4C30-BD46-386957F98108}.Release|Mixed Platforms.Build.0 = Release|x86
		{899640F8-713C-4C30-BD46-386957F98108}.Release|x86.ActiveCfg = Release|x86
		{899640F8-713C-4C30-BD46-386957F98108}.Release|x86.Build.0 = Release|x86
		{261AE025-55ED-44CA-8D8C-9853D101981F}.Debug|Any CPU.ActiveCfg = Debug|x86
		{261AE025-55ED-44CA-8D8C-9853D101981F}.Debug|Mixed Platforms.ActiveCfg = Debug|x86
		{261AE025-55ED-44CA-8D8C-9853D101981F}.Debug|Mixed Platforms.Build.0 = Debug|x86
		{261AE025-55ED-44CA-8D8C-9853D101981F}.Debug|x86.ActiveCfg = Debug|x86
		{261AE025-55ED-44CA-8D8C-9853D101981F}.Debug|x86.Build.0 = Debug|x86
		{261AE025-55ED-44CA-8D8C-9853D101981F}.Release|Any CPU.ActiveCfg = Release|x86
		{261AE025-55ED-44CA-8D8C-9853D101981F}.Release|Mixed Platforms.ActiveCfg = Release|x86
		{261AE025-55ED-44CA-8D8C-9853D101981F}.Release|Mixed Platforms.Build.0 = Release|x86
		{261AE025-55ED-44CA-8D8C-9853D101981F}.Release|x86.ActiveCfg = Release|x86
		{261AE025-55ED-44CA-8D8C-9853D101981F}.Release|x86.Build.0 = Release|x86
		{BFCC4242-D04B-4E6E-B4F2-8D762EE82B7B}.Debug|Any CPU.ActiveCfg = Debug|x86
		{BFCC4242-D04B-4E6E-B4F2-8D762EE82B7B}.Debug|Mixed Platforms.ActiveCfg = Debug|x86
		{BFCC4242-D04B-4E6E-B4F2-8D762EE82B7B}.Debug|Mixed Platforms.Build.0 = Debug|x86
		{BFCC4242-D04B-4E6E-B4F2-8D762EE82B7B}.Debug|x86.ActiveCfg = Debug|x86
		{BFCC4242-D04B-4E6E-B4F2-8D762EE82B7B}.Debug|x86.Build.0 = Debug|x86
		{BFCC4242-D04B-4E6E-B4F2-8D762EE82B7B}.Release|Any CPU.ActiveCfg = Release|x86
		{BFCC4242-D04B-4E6E-B4F2-8D762EE82B7B}.Release|Mixed Platforms.ActiveCfg = Release|x86
		{BFCC4242-D04B-4E6E-B4F2-8D762EE82B7B}.Release|Mixed Platforms.Build.0 = Release|x86
		{BFCC4242-D04B-4E6E-B4F2-8D762EE82B7B}.Release|x86.ActiveCfg = Release|x86
		{BFCC4242-D04B-4E6E-B4F2-8D762EE82B7B}.Release|x86.Build.0 = Release|x86
		{187D4723-2BC8-4AFD-8A76-0AE4B9C7ECA9}.Debug|Any CPU.ActiveCfg = Debug|Any CPU
		{187D4723-2BC8-4AFD-8A76-0AE4B9C7ECA9}.Debug|Any CPU.Build.0 = Debug|Any CPU
		{187D4723-2BC8-4AFD-8A76-0AE4B9C7ECA9}.Debug|Mixed Platforms.ActiveCfg = Debug|Any CPU
		{187D4723-2BC8-4AFD-8A76-0AE4B9C7ECA9}.Debug|Mixed Platforms.Build.0 = Debug|Any CPU
		{187D4723-2BC8-4AFD-8A76-0AE4B9C7ECA9}.Debug|x86.ActiveCfg = Debug|Any CPU
		{187D4723-2BC8-4AFD-8A76-0AE4B9C7ECA9}.Release|Any CPU.ActiveCfg = Release|Any CPU
		{187D4723-2BC8-4AFD-8A76-0AE4B9C7ECA9}.Release|Any CPU.Build.0 = Release|Any CPU
		{187D4723-2BC8-4AFD-8A76-0AE4B9C7ECA9}.Release|Mixed Platforms.ActiveCfg = Release|Any CPU
		{187D4723-2BC8-4AFD-8A76-0AE4B9C7ECA9}.Release|Mixed Platforms.Build.0 = Release|Any CPU
		{187D4723-2BC8-4AFD-8A76-0AE4B9C7ECA9}.Release|x86.ActiveCfg = Release|Any CPU
		{01E1D21F-29D7-4E92-AAA0-8A0E8784FF99}.Debug|Any CPU.ActiveCfg = Debug|Any CPU
		{01E1D21F-29D7-4E92-AAA0-8A0E8784FF99}.Debug|Any CPU.Build.0 = Debug|Any CPU
		{01E1D21F-29D7-4E92-AAA0-8A0E8784FF99}.Debug|Mixed Platforms.ActiveCfg = Debug|Any CPU
		{01E1D21F-29D7-4E92-AAA0-8A0E8784FF99}.Debug|Mixed Platforms.Build.0 = Debug|Any CPU
		{01E1D21F-29D7-4E92-AAA0-8A0E8784FF99}.Debug|x86.ActiveCfg = Debug|Any CPU
		{01E1D21F-29D7-4E92-AAA0-8A0E8784FF99}.Release|Any CPU.ActiveCfg = Release|Any CPU
		{01E1D21F-29D7-4E92-AAA0-8A0E8784FF99}.Release|Any CPU.Build.0 = Release|Any CPU
		{01E1D21F-29D7-4E92-AAA0-8A0E8784FF99}.Release|Mixed Platforms.ActiveCfg = Release|Any CPU
		{01E1D21F-29D7-4E92-AAA0-8A0E8784FF99}.Release|Mixed Platforms.Build.0 = Release|Any CPU
		{01E1D21F-29D7-4E92-AAA0-8A0E8784FF99}.Release|x86.ActiveCfg = Release|Any CPU
	EndGlobalSection
	GlobalSection(SolutionProperties) = preSolution
		HideSolutionNode = FALSE
	EndGlobalSection
	GlobalSection(NestedProjects) = preSolution
		{ADB88DE5-AA3F-4575-AFB8-3C374184727B} = {3F13067E-A2CD-455A-87C2-5B8B779C462A}
		{D1A09A1D-F15A-46FD-BFC5-A0E028BBCF79} = {3F13067E-A2CD-455A-87C2-5B8B779C462A}
		{596CB02D-9CD3-489E-AF53-99FC64666550} = {D1A09A1D-F15A-46FD-BFC5-A0E028BBCF79}
	EndGlobalSection
EndGlobal
