
Microsoft Visual Studio Solution File, Format Version 11.00
# Visual Studio 2010
Project("{FAE04EC0-301F-11D3-BF4B-00C04F79EFBC}") = "Hercules", "Hercules\Hercules.csproj", "{C1B6A689-E95D-4276-B890-C83719444FE1}"
EndProject
Project("{2150E333-8FDC-42A3-9474-1A3956D46DE8}") = "Documentation", "Documentation", "{83F0EEA3-B0ED-453E-9DB5-5FFEECBEA541}"
	ProjectSection(SolutionItems) = preProject
		layout.txt = layout.txt
		notes.txt = notes.txt
		questions.txt = questions.txt
		skins.txt = skins.txt
	EndProjectSection
EndProject
Project("{2150E333-8FDC-42A3-9474-1A3956D46DE8}") = "Supporting Files", "Supporting Files", "{3F13067E-A2CD-455A-87C2-5B8B779C462A}"
EndProject
Project("{2150E333-8FDC-42A3-9474-1A3956D46DE8}") = "Fonts", "Fonts", "{ADB88DE5-AA3F-4575-AFB8-3C374184727B}"
EndProject
Project("{2150E333-8FDC-42A3-9474-1A3956D46DE8}") = "Drivers", "Drivers", "{D1A09A1D-F15A-46FD-BFC5-A0E028BBCF79}"
EndProject
Project("{2150E333-8FDC-42A3-9474-1A3956D46DE8}") = "DPB-1500", "DPB-1500", "{596CB02D-9CD3-489E-AF53-99FC64666550}"
	ProjectSection(SolutionItems) = preProject
		..\..\..\..\Desktop\Hercules\DPB1500 Driver\copal1500.dll = ..\..\..\..\Desktop\Hercules\DPB1500 Driver\copal1500.dll
		..\..\..\..\Desktop\Hercules\DPB1500 Driver\DPB1500.DLL = ..\..\..\..\Desktop\Hercules\DPB1500 Driver\DPB1500.DLL
		..\..\..\..\Desktop\Hercules\DPB1500 Driver\Dpb1500.gpd = ..\..\..\..\Desktop\Hercules\DPB1500 Driver\Dpb1500.gpd
		..\..\..\..\Desktop\Hercules\DPB1500 Driver\Dpb1500.inf = ..\..\..\..\Desktop\Hercules\DPB1500 Driver\Dpb1500.inf
		..\..\..\..\Desktop\Hercules\DPB1500 Driver\Dpb1500.ini = ..\..\..\..\Desktop\Hercules\DPB1500 Driver\Dpb1500.ini
		..\..\..\..\Desktop\Hercules\DPB1500 Driver\Dpb1500lm.dll = ..\..\..\..\Desktop\Hercules\DPB1500 Driver\Dpb1500lm.dll
		..\..\..\..\Desktop\Hercules\DPB1500 Driver\Dpb1500ud.dll = ..\..\..\..\Desktop\Hercules\DPB1500 Driver\Dpb1500ud.dll
		..\..\..\..\Desktop\Hercules\DPB1500 Driver\Dpb1500ui.dll = ..\..\..\..\Desktop\Hercules\DPB1500 Driver\Dpb1500ui.dll
		..\..\..\..\Desktop\Hercules\DPB1500 Driver\DPBPrint.dll = ..\..\..\..\Desktop\Hercules\DPB1500 Driver\DPBPrint.dll
		..\..\..\..\Desktop\Hercules\DPB1500 Driver\ERRMSG_E.ini = ..\..\..\..\Desktop\Hercules\DPB1500 Driver\ERRMSG_E.ini
	EndProjectSection
EndProject
Project("{FAE04EC0-301F-11D3-BF4B-00C04F79EFBC}") = "CanonSDK", "CanonSDK\CanonSDK.csproj", "{B8D10081-6185-4EEC-802F-6F39372587C1}"
EndProject
Project("{FAE04EC0-301F-11D3-BF4B-00C04F79EFBC}") = "WpfSandbox", "WpfSandbox\WpfSandbox.csproj", "{2FFEC910-0827-4BEB-8F26-65C396173AB8}"
EndProject
Project("{FAE04EC0-301F-11D3-BF4B-00C04F79EFBC}") = "WpfCamTest", "WpfCamTest\WpfCamTest.csproj", "{C6671FCA-EEEA-47F3-84EB-5248B2C4EE45}"
EndProject
Project("{FAE04EC0-301F-11D3-BF4B-00C04F79EFBC}") = "WPFCSharpWebCam", "WPFCSharpWebCam\WPFCSharpWebCam.csproj", "{4A6C6F94-80FA-470A-A6B8-580AE8EE1531}"
EndProject
Project("{FAE04EC0-301F-11D3-BF4B-00C04F79EFBC}") = "WpfCap", "WpfCap\WpfCap.csproj", "{EC9C087F-4972-4374-8BC5-0DAB5BABF547}"
EndProject
Project("{FAE04EC0-301F-11D3-BF4B-00C04F79EFBC}") = "LoginModule", "TouchScreenKeyBoard\LoginModule.csproj", "{50A84653-6C97-4639-835B-5E42DE9DD8D5}"
EndProject
Project("{FAE04EC0-301F-11D3-BF4B-00C04F79EFBC}") = "FormCallingWPF", "FormCallingWPF\FormCallingWPF.csproj", "{313351BA-3164-4040-B90B-ACC46A68170B}"
EndProject
Project("{FAE04EC0-301F-11D3-BF4B-00C04F79EFBC}") = "HerculesWPFBlank", "HerculesWPFBlank\HerculesWPFBlank.csproj", "{EBB69B0E-FCA6-4810-8C7D-3C2B06372DCE}"
EndProject
Project("{FAE04EC0-301F-11D3-BF4B-00C04F79EFBC}") = "HerculesWPFMain", "HerculesWPFMain\HerculesWPFMain.csproj", "{BA40155F-F9B6-422A-9DC2-1B911C244AA7}"
EndProject
Project("{FAE04EC0-301F-11D3-BF4B-00C04F79EFBC}") = "HerculesWPFMenu", "HerculesWPFMenu\HerculesWPFMenu.csproj", "{1D438B20-3E32-44A5-A070-4BD7673E28E1}"
EndProject
Project("{FAE04EC0-301F-11D3-BF4B-00C04F79EFBC}") = "HerculesWPFChoose", "HerculesWPFChoose\HerculesWPFChoose.csproj", "{4DD6FE24-13EE-4153-9CBE-12E4AFD635CE}"
EndProject
Project("{FAE04EC0-301F-11D3-BF4B-00C04F79EFBC}") = "HerculesWPFImageButton", "HerculesWPFImageButton\HerculesWPFImageButton.csproj", "{C68F8565-8471-4495-BA02-62B8A6BCA4CC}"
EndProject
Project("{FAE04EC0-301F-11D3-BF4B-00C04F79EFBC}") = "HerculesWPFImageButtonLow", "HerculesWPFImageButtonLow\HerculesWPFImageButtonLow.csproj", "{0A9A4394-D120-48D3-9318-EEAA9B3163E0}"
EndProject
Project("{FAE04EC0-301F-11D3-BF4B-00C04F79EFBC}") = "HerculesWPFMaster", "HerculesWPFMaster\HerculesWPFMaster.csproj", "{CDBA5E40-7178-47B5-B090-9F55124A61DB}"
EndProject
Global
	GlobalSection(SolutionConfigurationPlatforms) = preSolution
		Debug|Any CPU = Debug|Any CPU
		Debug|Mixed Platforms = Debug|Mixed Platforms
		Debug|x86 = Debug|x86
		Release|Any CPU = Release|Any CPU
		Release|Mixed Platforms = Release|Mixed Platforms
		Release|x86 = Release|x86
	EndGlobalSection
	GlobalSection(ProjectConfigurationPlatforms) = postSolution
		{C1B6A689-E95D-4276-B890-C83719444FE1}.Debug|Any CPU.ActiveCfg = Debug|x86
		{C1B6A689-E95D-4276-B890-C83719444FE1}.Debug|Mixed Platforms.ActiveCfg = Debug|x86
		{C1B6A689-E95D-4276-B890-C83719444FE1}.Debug|Mixed Platforms.Build.0 = Debug|x86
		{C1B6A689-E95D-4276-B890-C83719444FE1}.Debug|x86.ActiveCfg = Debug|x86
		{C1B6A689-E95D-4276-B890-C83719444FE1}.Debug|x86.Build.0 = Debug|x86
		{C1B6A689-E95D-4276-B890-C83719444FE1}.Release|Any CPU.ActiveCfg = Release|x86
		{C1B6A689-E95D-4276-B890-C83719444FE1}.Release|Mixed Platforms.ActiveCfg = Release|x86
		{C1B6A689-E95D-4276-B890-C83719444FE1}.Release|Mixed Platforms.Build.0 = Release|x86
		{C1B6A689-E95D-4276-B890-C83719444FE1}.Release|x86.ActiveCfg = Release|x86
		{C1B6A689-E95D-4276-B890-C83719444FE1}.Release|x86.Build.0 = Release|x86
		{B8D10081-6185-4EEC-802F-6F39372587C1}.Debug|Any CPU.ActiveCfg = Debug|Any CPU
		{B8D10081-6185-4EEC-802F-6F39372587C1}.Debug|Any CPU.Build.0 = Debug|Any CPU
		{B8D10081-6185-4EEC-802F-6F39372587C1}.Debug|Mixed Platforms.ActiveCfg = Debug|Any CPU
		{B8D10081-6185-4EEC-802F-6F39372587C1}.Debug|Mixed Platforms.Build.0 = Debug|Any CPU
		{B8D10081-6185-4EEC-802F-6F39372587C1}.Debug|x86.ActiveCfg = Debug|Any CPU
		{B8D10081-6185-4EEC-802F-6F39372587C1}.Release|Any CPU.ActiveCfg = Release|Any CPU
		{B8D10081-6185-4EEC-802F-6F39372587C1}.Release|Any CPU.Build.0 = Release|Any CPU
		{B8D10081-6185-4EEC-802F-6F39372587C1}.Release|Mixed Platforms.ActiveCfg = Release|Any CPU
		{B8D10081-6185-4EEC-802F-6F39372587C1}.Release|Mixed Platforms.Build.0 = Release|Any CPU
		{B8D10081-6185-4EEC-802F-6F39372587C1}.Release|x86.ActiveCfg = Release|Any CPU
		{2FFEC910-0827-4BEB-8F26-65C396173AB8}.Debug|Any CPU.ActiveCfg = Debug|x86
		{2FFEC910-0827-4BEB-8F26-65C396173AB8}.Debug|Mixed Platforms.ActiveCfg = Debug|x86
		{2FFEC910-0827-4BEB-8F26-65C396173AB8}.Debug|Mixed Platforms.Build.0 = Debug|x86
		{2FFEC910-0827-4BEB-8F26-65C396173AB8}.Debug|x86.ActiveCfg = Debug|x86
		{2FFEC910-0827-4BEB-8F26-65C396173AB8}.Debug|x86.Build.0 = Debug|x86
		{2FFEC910-0827-4BEB-8F26-65C396173AB8}.Release|Any CPU.ActiveCfg = Release|x86
		{2FFEC910-0827-4BEB-8F26-65C396173AB8}.Release|Mixed Platforms.ActiveCfg = Release|x86
		{2FFEC910-0827-4BEB-8F26-65C396173AB8}.Release|Mixed Platforms.Build.0 = Release|x86
		{2FFEC910-0827-4BEB-8F26-65C396173AB8}.Release|x86.ActiveCfg = Release|x86
		{2FFEC910-0827-4BEB-8F26-65C396173AB8}.Release|x86.Build.0 = Release|x86
		{C6671FCA-EEEA-47F3-84EB-5248B2C4EE45}.Debug|Any CPU.ActiveCfg = Debug|x86
		{C6671FCA-EEEA-47F3-84EB-5248B2C4EE45}.Debug|Mixed Platforms.ActiveCfg = Debug|x86
		{C6671FCA-EEEA-47F3-84EB-5248B2C4EE45}.Debug|Mixed Platforms.Build.0 = Debug|x86
		{C6671FCA-EEEA-47F3-84EB-5248B2C4EE45}.Debug|x86.ActiveCfg = Debug|x86
		{C6671FCA-EEEA-47F3-84EB-5248B2C4EE45}.Debug|x86.Build.0 = Debug|x86
		{C6671FCA-EEEA-47F3-84EB-5248B2C4EE45}.Release|Any CPU.ActiveCfg = Release|x86
		{C6671FCA-EEEA-47F3-84EB-5248B2C4EE45}.Release|Mixed Platforms.ActiveCfg = Release|x86
		{C6671FCA-EEEA-47F3-84EB-5248B2C4EE45}.Release|Mixed Platforms.Build.0 = Release|x86
		{C6671FCA-EEEA-47F3-84EB-5248B2C4EE45}.Release|x86.ActiveCfg = Release|x86
		{C6671FCA-EEEA-47F3-84EB-5248B2C4EE45}.Release|x86.Build.0 = Release|x86
		{4A6C6F94-80FA-470A-A6B8-580AE8EE1531}.Debug|Any CPU.ActiveCfg = Debug|Any CPU
		{4A6C6F94-80FA-470A-A6B8-580AE8EE1531}.Debug|Any CPU.Build.0 = Debug|Any CPU
		{4A6C6F94-80FA-470A-A6B8-580AE8EE1531}.Debug|Mixed Platforms.ActiveCfg = Debug|Any CPU
		{4A6C6F94-80FA-470A-A6B8-580AE8EE1531}.Debug|Mixed Platforms.Build.0 = Debug|Any CPU
		{4A6C6F94-80FA-470A-A6B8-580AE8EE1531}.Debug|x86.ActiveCfg = Debug|Any CPU
		{4A6C6F94-80FA-470A-A6B8-580AE8EE1531}.Release|Any CPU.ActiveCfg = Release|Any CPU
		{4A6C6F94-80FA-470A-A6B8-580AE8EE1531}.Release|Any CPU.Build.0 = Release|Any CPU
		{4A6C6F94-80FA-470A-A6B8-580AE8EE1531}.Release|Mixed Platforms.ActiveCfg = Release|Any CPU
		{4A6C6F94-80FA-470A-A6B8-580AE8EE1531}.Release|Mixed Platforms.Build.0 = Release|Any CPU
		{4A6C6F94-80FA-470A-A6B8-580AE8EE1531}.Release|x86.ActiveCfg = Release|Any CPU
		{EC9C087F-4972-4374-8BC5-0DAB5BABF547}.Debug|Any CPU.ActiveCfg = Debug|Any CPU
		{EC9C087F-4972-4374-8BC5-0DAB5BABF547}.Debug|Any CPU.Build.0 = Debug|Any CPU
		{EC9C087F-4972-4374-8BC5-0DAB5BABF547}.Debug|Mixed Platforms.ActiveCfg = Debug|Any CPU
		{EC9C087F-4972-4374-8BC5-0DAB5BABF547}.Debug|Mixed Platforms.Build.0 = Debug|Any CPU
		{EC9C087F-4972-4374-8BC5-0DAB5BABF547}.Debug|x86.ActiveCfg = Debug|Any CPU
		{EC9C087F-4972-4374-8BC5-0DAB5BABF547}.Release|Any CPU.ActiveCfg = Release|Any CPU
		{EC9C087F-4972-4374-8BC5-0DAB5BABF547}.Release|Any CPU.Build.0 = Release|Any CPU
		{EC9C087F-4972-4374-8BC5-0DAB5BABF547}.Release|Mixed Platforms.ActiveCfg = Release|Any CPU
		{EC9C087F-4972-4374-8BC5-0DAB5BABF547}.Release|Mixed Platforms.Build.0 = Release|Any CPU
		{EC9C087F-4972-4374-8BC5-0DAB5BABF547}.Release|x86.ActiveCfg = Release|Any CPU
		{50A84653-6C97-4639-835B-5E42DE9DD8D5}.Debug|Any CPU.ActiveCfg = Debug|Any CPU
		{50A84653-6C97-4639-835B-5E42DE9DD8D5}.Debug|Any CPU.Build.0 = Debug|Any CPU
		{50A84653-6C97-4639-835B-5E42DE9DD8D5}.Debug|Mixed Platforms.ActiveCfg = Debug|Any CPU
		{50A84653-6C97-4639-835B-5E42DE9DD8D5}.Debug|Mixed Platforms.Build.0 = Debug|Any CPU
		{50A84653-6C97-4639-835B-5E42DE9DD8D5}.Debug|x86.ActiveCfg = Debug|Any CPU
		{50A84653-6C97-4639-835B-5E42DE9DD8D5}.Release|Any CPU.ActiveCfg = Release|Any CPU
		{50A84653-6C97-4639-835B-5E42DE9DD8D5}.Release|Any CPU.Build.0 = Release|Any CPU
		{50A84653-6C97-4639-835B-5E42DE9DD8D5}.Release|Mixed Platforms.ActiveCfg = Release|Any CPU
		{50A84653-6C97-4639-835B-5E42DE9DD8D5}.Release|Mixed Platforms.Build.0 = Release|Any CPU
		{50A84653-6C97-4639-835B-5E42DE9DD8D5}.Release|x86.ActiveCfg = Release|Any CPU
		{313351BA-3164-4040-B90B-ACC46A68170B}.Debug|Any CPU.ActiveCfg = Debug|x86
		{313351BA-3164-4040-B90B-ACC46A68170B}.Debug|Mixed Platforms.ActiveCfg = Debug|x86
		{313351BA-3164-4040-B90B-ACC46A68170B}.Debug|Mixed Platforms.Build.0 = Debug|x86
		{313351BA-3164-4040-B90B-ACC46A68170B}.Debug|x86.ActiveCfg = Debug|x86
		{313351BA-3164-4040-B90B-ACC46A68170B}.Debug|x86.Build.0 = Debug|x86
		{313351BA-3164-4040-B90B-ACC46A68170B}.Release|Any CPU.ActiveCfg = Release|x86
		{313351BA-3164-4040-B90B-ACC46A68170B}.Release|Mixed Platforms.ActiveCfg = Release|x86
		{313351BA-3164-4040-B90B-ACC46A68170B}.Release|Mixed Platforms.Build.0 = Release|x86
		{313351BA-3164-4040-B90B-ACC46A68170B}.Release|x86.ActiveCfg = Release|x86
		{313351BA-3164-4040-B90B-ACC46A68170B}.Release|x86.Build.0 = Release|x86
		{EBB69B0E-FCA6-4810-8C7D-3C2B06372DCE}.Debug|Any CPU.ActiveCfg = Debug|Any CPU
		{EBB69B0E-FCA6-4810-8C7D-3C2B06372DCE}.Debug|Any CPU.Build.0 = Debug|Any CPU
		{EBB69B0E-FCA6-4810-8C7D-3C2B06372DCE}.Debug|Mixed Platforms.ActiveCfg = Debug|Any CPU
		{EBB69B0E-FCA6-4810-8C7D-3C2B06372DCE}.Debug|Mixed Platforms.Build.0 = Debug|Any CPU
		{EBB69B0E-FCA6-4810-8C7D-3C2B06372DCE}.Debug|x86.ActiveCfg = Debug|Any CPU
		{EBB69B0E-FCA6-4810-8C7D-3C2B06372DCE}.Release|Any CPU.ActiveCfg = Release|Any CPU
		{EBB69B0E-FCA6-4810-8C7D-3C2B06372DCE}.Release|Any CPU.Build.0 = Release|Any CPU
		{EBB69B0E-FCA6-4810-8C7D-3C2B06372DCE}.Release|Mixed Platforms.ActiveCfg = Release|Any CPU
		{EBB69B0E-FCA6-4810-8C7D-3C2B06372DCE}.Release|Mixed Platforms.Build.0 = Release|Any CPU
		{EBB69B0E-FCA6-4810-8C7D-3C2B06372DCE}.Release|x86.ActiveCfg = Release|Any CPU
		{BA40155F-F9B6-422A-9DC2-1B911C244AA7}.Debug|Any CPU.ActiveCfg = Debug|Any CPU
		{BA40155F-F9B6-422A-9DC2-1B911C244AA7}.Debug|Any CPU.Build.0 = Debug|Any CPU
		{BA40155F-F9B6-422A-9DC2-1B911C244AA7}.Debug|Mixed Platforms.ActiveCfg = Debug|Any CPU
		{BA40155F-F9B6-422A-9DC2-1B911C244AA7}.Debug|Mixed Platforms.Build.0 = Debug|Any CPU
		{BA40155F-F9B6-422A-9DC2-1B911C244AA7}.Debug|x86.ActiveCfg = Debug|Any CPU
		{BA40155F-F9B6-422A-9DC2-1B911C244AA7}.Release|Any CPU.ActiveCfg = Release|Any CPU
		{BA40155F-F9B6-422A-9DC2-1B911C244AA7}.Release|Any CPU.Build.0 = Release|Any CPU
		{BA40155F-F9B6-422A-9DC2-1B911C244AA7}.Release|Mixed Platforms.ActiveCfg = Release|Any CPU
		{BA40155F-F9B6-422A-9DC2-1B911C244AA7}.Release|Mixed Platforms.Build.0 = Release|Any CPU
		{BA40155F-F9B6-422A-9DC2-1B911C244AA7}.Release|x86.ActiveCfg = Release|Any CPU
		{1D438B20-3E32-44A5-A070-4BD7673E28E1}.Debug|Any CPU.ActiveCfg = Debug|Any CPU
		{1D438B20-3E32-44A5-A070-4BD7673E28E1}.Debug|Any CPU.Build.0 = Debug|Any CPU
		{1D438B20-3E32-44A5-A070-4BD7673E28E1}.Debug|Mixed Platforms.ActiveCfg = Debug|Any CPU
		{1D438B20-3E32-44A5-A070-4BD7673E28E1}.Debug|Mixed Platforms.Build.0 = Debug|Any CPU
		{1D438B20-3E32-44A5-A070-4BD7673E28E1}.Debug|x86.ActiveCfg = Debug|Any CPU
		{1D438B20-3E32-44A5-A070-4BD7673E28E1}.Release|Any CPU.ActiveCfg = Release|Any CPU
		{1D438B20-3E32-44A5-A070-4BD7673E28E1}.Release|Any CPU.Build.0 = Release|Any CPU
		{1D438B20-3E32-44A5-A070-4BD7673E28E1}.Release|Mixed Platforms.ActiveCfg = Release|Any CPU
		{1D438B20-3E32-44A5-A070-4BD7673E28E1}.Release|Mixed Platforms.Build.0 = Release|Any CPU
		{1D438B20-3E32-44A5-A070-4BD7673E28E1}.Release|x86.ActiveCfg = Release|Any CPU
		{4DD6FE24-13EE-4153-9CBE-12E4AFD635CE}.Debug|Any CPU.ActiveCfg = Debug|Any CPU
		{4DD6FE24-13EE-4153-9CBE-12E4AFD635CE}.Debug|Any CPU.Build.0 = Debug|Any CPU
		{4DD6FE24-13EE-4153-9CBE-12E4AFD635CE}.Debug|Mixed Platforms.ActiveCfg = Debug|Any CPU
		{4DD6FE24-13EE-4153-9CBE-12E4AFD635CE}.Debug|Mixed Platforms.Build.0 = Debug|Any CPU
		{4DD6FE24-13EE-4153-9CBE-12E4AFD635CE}.Debug|x86.ActiveCfg = Debug|Any CPU
		{4DD6FE24-13EE-4153-9CBE-12E4AFD635CE}.Release|Any CPU.ActiveCfg = Release|Any CPU
		{4DD6FE24-13EE-4153-9CBE-12E4AFD635CE}.Release|Any CPU.Build.0 = Release|Any CPU
		{4DD6FE24-13EE-4153-9CBE-12E4AFD635CE}.Release|Mixed Platforms.ActiveCfg = Release|Any CPU
		{4DD6FE24-13EE-4153-9CBE-12E4AFD635CE}.Release|Mixed Platforms.Build.0 = Release|Any CPU
		{4DD6FE24-13EE-4153-9CBE-12E4AFD635CE}.Release|x86.ActiveCfg = Release|Any CPU
		{C68F8565-8471-4495-BA02-62B8A6BCA4CC}.Debug|Any CPU.ActiveCfg = Debug|Any CPU
		{C68F8565-8471-4495-BA02-62B8A6BCA4CC}.Debug|Any CPU.Build.0 = Debug|Any CPU
		{C68F8565-8471-4495-BA02-62B8A6BCA4CC}.Debug|Mixed Platforms.ActiveCfg = Debug|Any CPU
		{C68F8565-8471-4495-BA02-62B8A6BCA4CC}.Debug|Mixed Platforms.Build.0 = Debug|Any CPU
		{C68F8565-8471-4495-BA02-62B8A6BCA4CC}.Debug|x86.ActiveCfg = Debug|Any CPU
		{C68F8565-8471-4495-BA02-62B8A6BCA4CC}.Release|Any CPU.ActiveCfg = Release|Any CPU
		{C68F8565-8471-4495-BA02-62B8A6BCA4CC}.Release|Any CPU.Build.0 = Release|Any CPU
		{C68F8565-8471-4495-BA02-62B8A6BCA4CC}.Release|Mixed Platforms.ActiveCfg = Release|Any CPU
		{C68F8565-8471-4495-BA02-62B8A6BCA4CC}.Release|Mixed Platforms.Build.0 = Release|Any CPU
		{C68F8565-8471-4495-BA02-62B8A6BCA4CC}.Release|x86.ActiveCfg = Release|Any CPU
		{0A9A4394-D120-48D3-9318-EEAA9B3163E0}.Debug|Any CPU.ActiveCfg = Debug|Any CPU
		{0A9A4394-D120-48D3-9318-EEAA9B3163E0}.Debug|Any CPU.Build.0 = Debug|Any CPU
		{0A9A4394-D120-48D3-9318-EEAA9B3163E0}.Debug|Mixed Platforms.ActiveCfg = Debug|Any CPU
		{0A9A4394-D120-48D3-9318-EEAA9B3163E0}.Debug|Mixed Platforms.Build.0 = Debug|Any CPU
		{0A9A4394-D120-48D3-9318-EEAA9B3163E0}.Debug|x86.ActiveCfg = Debug|Any CPU
		{0A9A4394-D120-48D3-9318-EEAA9B3163E0}.Release|Any CPU.ActiveCfg = Release|Any CPU
		{0A9A4394-D120-48D3-9318-EEAA9B3163E0}.Release|Any CPU.Build.0 = Release|Any CPU
		{0A9A4394-D120-48D3-9318-EEAA9B3163E0}.Release|Mixed Platforms.ActiveCfg = Release|Any CPU
		{0A9A4394-D120-48D3-9318-EEAA9B3163E0}.Release|Mixed Platforms.Build.0 = Release|Any CPU
		{0A9A4394-D120-48D3-9318-EEAA9B3163E0}.Release|x86.ActiveCfg = Release|Any CPU
		{CDBA5E40-7178-47B5-B090-9F55124A61DB}.Debug|Any CPU.ActiveCfg = Debug|Any CPU
		{CDBA5E40-7178-47B5-B090-9F55124A61DB}.Debug|Any CPU.Build.0 = Debug|Any CPU
		{CDBA5E40-7178-47B5-B090-9F55124A61DB}.Debug|Mixed Platforms.ActiveCfg = Debug|Any CPU
		{CDBA5E40-7178-47B5-B090-9F55124A61DB}.Debug|Mixed Platforms.Build.0 = Debug|Any CPU
		{CDBA5E40-7178-47B5-B090-9F55124A61DB}.Debug|x86.ActiveCfg = Debug|Any CPU
		{CDBA5E40-7178-47B5-B090-9F55124A61DB}.Release|Any CPU.ActiveCfg = Release|Any CPU
		{CDBA5E40-7178-47B5-B090-9F55124A61DB}.Release|Any CPU.Build.0 = Release|Any CPU
		{CDBA5E40-7178-47B5-B090-9F55124A61DB}.Release|Mixed Platforms.ActiveCfg = Release|Any CPU
		{CDBA5E40-7178-47B5-B090-9F55124A61DB}.Release|Mixed Platforms.Build.0 = Release|Any CPU
		{CDBA5E40-7178-47B5-B090-9F55124A61DB}.Release|x86.ActiveCfg = Release|Any CPU
	EndGlobalSection
	GlobalSection(SolutionProperties) = preSolution
		HideSolutionNode = FALSE
	EndGlobalSection
	GlobalSection(NestedProjects) = preSolution
		{ADB88DE5-AA3F-4575-AFB8-3C374184727B} = {3F13067E-A2CD-455A-87C2-5B8B779C462A}
		{D1A09A1D-F15A-46FD-BFC5-A0E028BBCF79} = {3F13067E-A2CD-455A-87C2-5B8B779C462A}
		{596CB02D-9CD3-489E-AF53-99FC64666550} = {D1A09A1D-F15A-46FD-BFC5-A0E028BBCF79}
	EndGlobalSection
EndGlobal
